
Microsoft Visual Studio Solution File, Format Version 12.00
# Visual Studio 15
VisualStudioVersion = 15.0.27703.2000
MinimumVisualStudioVersion = 10.0.40219.1
Project("{FAE04EC0-301F-11D3-BF4B-00C04F79EFBC}") = "SSO.Passport", "SSO.Passport\SSO.Passport.csproj", "{B3C640D1-43F7-4C58-A50F-F611316C4C10}"
EndProject
Project("{FAE04EC0-301F-11D3-BF4B-00C04F79EFBC}") = "SSO.DefaultSite", "SSO.DefaultSite\SSO.DefaultSite.csproj", "{C931013B-435A-4C4C-B31B-B201B84708EA}"
EndProject
Project("{FAE04EC0-301F-11D3-BF4B-00C04F79EFBC}") = "OSSDefaultSite1", "OSSDefaultSite1\OSSDefaultSite1.csproj", "{744B16D4-4CFD-4C41-9FE2-D61F9BFC442E}"
EndProject
Global
	GlobalSection(SolutionConfigurationPlatforms) = preSolution
		Debug|Any CPU = Debug|Any CPU
		Release|Any CPU = Release|Any CPU
	EndGlobalSection
	GlobalSection(ProjectConfigurationPlatforms) = postSolution
		{B3C640D1-43F7-4C58-A50F-F611316C4C10}.Debug|Any CPU.ActiveCfg = Debug|Any CPU
		{B3C640D1-43F7-4C58-A50F-F611316C4C10}.Debug|Any CPU.Build.0 = Debug|Any CPU
		{B3C640D1-43F7-4C58-A50F-F611316C4C10}.Release|Any CPU.ActiveCfg = Release|Any CPU
		{B3C640D1-43F7-4C58-A50F-F611316C4C10}.Release|Any CPU.Build.0 = Release|Any CPU
		{C931013B-435A-4C4C-B31B-B201B84708EA}.Debug|Any CPU.ActiveCfg = Debug|Any CPU
		{C931013B-435A-4C4C-B31B-B201B84708EA}.Debug|Any CPU.Build.0 = Debug|Any CPU
		{C931013B-435A-4C4C-B31B-B201B84708EA}.Release|Any CPU.ActiveCfg = Release|Any CPU
		{C931013B-435A-4C4C-B31B-B201B84708EA}.Release|Any CPU.Build.0 = Release|Any CPU
		{744B16D4-4CFD-4C41-9FE2-D61F9BFC442E}.Debug|Any CPU.ActiveCfg = Debug|Any CPU
		{744B16D4-4CFD-4C41-9FE2-D61F9BFC442E}.Debug|Any CPU.Build.0 = Debug|Any CPU
		{744B16D4-4CFD-4C41-9FE2-D61F9BFC442E}.Release|Any CPU.ActiveCfg = Release|Any CPU
		{744B16D4-4CFD-4C41-9FE2-D61F9BFC442E}.Release|Any CPU.Build.0 = Release|Any CPU
	EndGlobalSection
	GlobalSection(SolutionProperties) = preSolution
		HideSolutionNode = FALSE
	EndGlobalSection
	GlobalSection(ExtensibilityGlobals) = postSolution
		SolutionGuid = {892EBFBE-1EFD-4F5A-839E-F986EAF86DA4}
	EndGlobalSection
EndGlobal
